// !$*UTF8*$!
{
	archiveVersion = 1;
	classes = {
	};
	objectVersion = 46;
	objects = {

/* Begin PBXBuildFile section */
		8F1B685919C6A9EC0096F819 /* MovieDetailViewController.swift in Sources */ = {isa = PBXBuildFile; fileRef = 8F1B685819C6A9EC0096F819 /* MovieDetailViewController.swift */; };
		8F1B685B19C6B6820096F819 /* DVDViewController.swift in Sources */ = {isa = PBXBuildFile; fileRef = 8F1B685A19C6B6820096F819 /* DVDViewController.swift */; };
		8F2DC65919BFE50C00F2A33B /* AppDelegate.swift in Sources */ = {isa = PBXBuildFile; fileRef = 8F2DC65819BFE50C00F2A33B /* AppDelegate.swift */; };
		8F2DC65E19BFE50C00F2A33B /* Main.storyboard in Resources */ = {isa = PBXBuildFile; fileRef = 8F2DC65C19BFE50C00F2A33B /* Main.storyboard */; };
		8F2DC66019BFE50C00F2A33B /* Images.xcassets in Resources */ = {isa = PBXBuildFile; fileRef = 8F2DC65F19BFE50C00F2A33B /* Images.xcassets */; };
		8F2DC66C19BFE50C00F2A33B /* freshtomatoesTests.swift in Sources */ = {isa = PBXBuildFile; fileRef = 8F2DC66B19BFE50C00F2A33B /* freshtomatoesTests.swift */; };
		8F37292119C6197B0048841F /* MovieViewController.swift in Sources */ = {isa = PBXBuildFile; fileRef = 8F37292019C6197B0048841F /* MovieViewController.swift */; };
		8F37292319C632580048841F /* MovieCell.swift in Sources */ = {isa = PBXBuildFile; fileRef = 8F37292219C632580048841F /* MovieCell.swift */; };
		C50EB71BBE074571A20BCCFD /* libPods.a in Frameworks */ = {isa = PBXBuildFile; fileRef = 277E48D14AFE4F2A96C32B6B /* libPods.a */; };
/* End PBXBuildFile section */

/* Begin PBXContainerItemProxy section */
		8F2DC66619BFE50C00F2A33B /* PBXContainerItemProxy */ = {
			isa = PBXContainerItemProxy;
			containerPortal = 8F2DC64B19BFE50C00F2A33B /* Project object */;
			proxyType = 1;
			remoteGlobalIDString = 8F2DC65219BFE50C00F2A33B;
			remoteInfo = freshtomatoes;
		};
/* End PBXContainerItemProxy section */

/* Begin PBXFileReference section */
		1394055B248047F7A371712A /* Pods.xcconfig */ = {isa = PBXFileReference; includeInIndex = 1; lastKnownFileType = text.xcconfig; name = Pods.xcconfig; path = Pods/Pods.xcconfig; sourceTree = "<group>"; };
		277E48D14AFE4F2A96C32B6B /* libPods.a */ = {isa = PBXFileReference; explicitFileType = archive.ar; includeInIndex = 0; path = libPods.a; sourceTree = BUILT_PRODUCTS_DIR; };
		8F0D3BA019C669AF00AA91FA /* freshtomatoes-Bridging-Header.h */ = {isa = PBXFileReference; lastKnownFileType = sourcecode.c.h; path = "freshtomatoes-Bridging-Header.h"; sourceTree = "<group>"; };
		8F1B685819C6A9EC0096F819 /* MovieDetailViewController.swift */ = {isa = PBXFileReference; fileEncoding = 4; lastKnownFileType = sourcecode.swift; path = MovieDetailViewController.swift; sourceTree = "<group>"; };
		8F1B685A19C6B6820096F819 /* DVDViewController.swift */ = {isa = PBXFileReference; fileEncoding = 4; lastKnownFileType = sourcecode.swift; path = DVDViewController.swift; sourceTree = "<group>"; };
		8F2DC65319BFE50C00F2A33B /* freshtomatoes.app */ = {isa = PBXFileReference; explicitFileType = wrapper.application; includeInIndex = 0; path = freshtomatoes.app; sourceTree = BUILT_PRODUCTS_DIR; };
		8F2DC65719BFE50C00F2A33B /* Info.plist */ = {isa = PBXFileReference; lastKnownFileType = text.plist.xml; path = Info.plist; sourceTree = "<group>"; };
		8F2DC65819BFE50C00F2A33B /* AppDelegate.swift */ = {isa = PBXFileReference; lastKnownFileType = sourcecode.swift; path = AppDelegate.swift; sourceTree = "<group>"; };
		8F2DC65D19BFE50C00F2A33B /* Base */ = {isa = PBXFileReference; lastKnownFileType = file.storyboard; name = Base; path = Base.lproj/Main.storyboard; sourceTree = "<group>"; };
		8F2DC65F19BFE50C00F2A33B /* Images.xcassets */ = {isa = PBXFileReference; lastKnownFileType = folder.assetcatalog; path = Images.xcassets; sourceTree = "<group>"; };
		8F2DC66519BFE50C00F2A33B /* freshtomatoesTests.xctest */ = {isa = PBXFileReference; explicitFileType = wrapper.cfbundle; includeInIndex = 0; path = freshtomatoesTests.xctest; sourceTree = BUILT_PRODUCTS_DIR; };
		8F2DC66A19BFE50C00F2A33B /* Info.plist */ = {isa = PBXFileReference; lastKnownFileType = text.plist.xml; path = Info.plist; sourceTree = "<group>"; };
		8F2DC66B19BFE50C00F2A33B /* freshtomatoesTests.swift */ = {isa = PBXFileReference; lastKnownFileType = sourcecode.swift; path = freshtomatoesTests.swift; sourceTree = "<group>"; };
		8F37292019C6197B0048841F /* MovieViewController.swift */ = {isa = PBXFileReference; fileEncoding = 4; lastKnownFileType = sourcecode.swift; path = MovieViewController.swift; sourceTree = "<group>"; };
		8F37292219C632580048841F /* MovieCell.swift */ = {isa = PBXFileReference; fileEncoding = 4; lastKnownFileType = sourcecode.swift; path = MovieCell.swift; sourceTree = "<group>"; };
/* End PBXFileReference section */

/* Begin PBXFrameworksBuildPhase section */
		8F2DC65019BFE50C00F2A33B /* Frameworks */ = {
			isa = PBXFrameworksBuildPhase;
			buildActionMask = 2147483647;
			files = (
				C50EB71BBE074571A20BCCFD /* libPods.a in Frameworks */,
			);
			runOnlyForDeploymentPostprocessing = 0;
		};
		8F2DC66219BFE50C00F2A33B /* Frameworks */ = {
			isa = PBXFrameworksBuildPhase;
			buildActionMask = 2147483647;
			files = (
			);
			runOnlyForDeploymentPostprocessing = 0;
		};
/* End PBXFrameworksBuildPhase section */

/* Begin PBXGroup section */
		8F2DC64A19BFE50C00F2A33B = {
			isa = PBXGroup;
			children = (
				8F2DC65519BFE50C00F2A33B /* freshtomatoes */,
				8F2DC66819BFE50C00F2A33B /* freshtomatoesTests */,
				8F2DC65419BFE50C00F2A33B /* Products */,
				1394055B248047F7A371712A /* Pods.xcconfig */,
				B40808C010C84B58A81887B1 /* Frameworks */,
			);
			sourceTree = "<group>";
		};
		8F2DC65419BFE50C00F2A33B /* Products */ = {
			isa = PBXGroup;
			children = (
				8F2DC65319BFE50C00F2A33B /* freshtomatoes.app */,
				8F2DC66519BFE50C00F2A33B /* freshtomatoesTests.xctest */,
			);
			name = Products;
			sourceTree = "<group>";
		};
		8F2DC65519BFE50C00F2A33B /* freshtomatoes */ = {
			isa = PBXGroup;
			children = (
				8F2DC65C19BFE50C00F2A33B /* Main.storyboard */,
				8F2DC65819BFE50C00F2A33B /* AppDelegate.swift */,
				8F37292219C632580048841F /* MovieCell.swift */,
				8F37292019C6197B0048841F /* MovieViewController.swift */,
				8F1B685819C6A9EC0096F819 /* MovieDetailViewController.swift */,
				8F0D3BA019C669AF00AA91FA /* freshtomatoes-Bridging-Header.h */,
				8F1B685A19C6B6820096F819 /* DVDViewController.swift */,
				8F2DC65F19BFE50C00F2A33B /* Images.xcassets */,
				8F2DC65619BFE50C00F2A33B /* Supporting Files */,
			);
			path = freshtomatoes;
			sourceTree = "<group>";
		};
		8F2DC65619BFE50C00F2A33B /* Supporting Files */ = {
			isa = PBXGroup;
			children = (
				8F2DC65719BFE50C00F2A33B /* Info.plist */,
			);
			name = "Supporting Files";
			sourceTree = "<group>";
		};
		8F2DC66819BFE50C00F2A33B /* freshtomatoesTests */ = {
			isa = PBXGroup;
			children = (
				8F2DC66B19BFE50C00F2A33B /* freshtomatoesTests.swift */,
				8F2DC66919BFE50C00F2A33B /* Supporting Files */,
			);
			path = freshtomatoesTests;
			sourceTree = "<group>";
		};
		8F2DC66919BFE50C00F2A33B /* Supporting Files */ = {
			isa = PBXGroup;
			children = (
				8F2DC66A19BFE50C00F2A33B /* Info.plist */,
			);
			name = "Supporting Files";
			sourceTree = "<group>";
		};
		B40808C010C84B58A81887B1 /* Frameworks */ = {
			isa = PBXGroup;
			children = (
				277E48D14AFE4F2A96C32B6B /* libPods.a */,
			);
			name = Frameworks;
			sourceTree = "<group>";
		};
/* End PBXGroup section */

/* Begin PBXNativeTarget section */
		8F2DC65219BFE50C00F2A33B /* freshtomatoes */ = {
			isa = PBXNativeTarget;
			buildConfigurationList = 8F2DC66F19BFE50C00F2A33B /* Build configuration list for PBXNativeTarget "freshtomatoes" */;
			buildPhases = (
				8576DFA92B91412DACA172A6 /* Check Pods Manifest.lock */,
				8F2DC64F19BFE50C00F2A33B /* Sources */,
				8F2DC65019BFE50C00F2A33B /* Frameworks */,
				8F2DC65119BFE50C00F2A33B /* Resources */,
				F5668479DD284D6F8E8E4959 /* Copy Pods Resources */,
			);
			buildRules = (
			);
			dependencies = (
			);
			name = freshtomatoes;
			productName = freshtomatoes;
			productReference = 8F2DC65319BFE50C00F2A33B /* freshtomatoes.app */;
			productType = "com.apple.product-type.application";
		};
		8F2DC66419BFE50C00F2A33B /* freshtomatoesTests */ = {
			isa = PBXNativeTarget;
			buildConfigurationList = 8F2DC67219BFE50C00F2A33B /* Build configuration list for PBXNativeTarget "freshtomatoesTests" */;
			buildPhases = (
				8F2DC66119BFE50C00F2A33B /* Sources */,
				8F2DC66219BFE50C00F2A33B /* Frameworks */,
				8F2DC66319BFE50C00F2A33B /* Resources */,
			);
			buildRules = (
			);
			dependencies = (
				8F2DC66719BFE50C00F2A33B /* PBXTargetDependency */,
			);
			name = freshtomatoesTests;
			productName = freshtomatoesTests;
			productReference = 8F2DC66519BFE50C00F2A33B /* freshtomatoesTests.xctest */;
			productType = "com.apple.product-type.bundle.unit-test";
		};
/* End PBXNativeTarget section */

/* Begin PBXProject section */
		8F2DC64B19BFE50C00F2A33B /* Project object */ = {
			isa = PBXProject;
			attributes = {
				LastUpgradeCheck = 0600;
				ORGANIZATIONNAME = "Jatin Pandey";
				TargetAttributes = {
					8F2DC65219BFE50C00F2A33B = {
						CreatedOnToolsVersion = 6.0;
						DevelopmentTeam = U6QX3Q6A3P;
					};
					8F2DC66419BFE50C00F2A33B = {
						CreatedOnToolsVersion = 6.0;
						TestTargetID = 8F2DC65219BFE50C00F2A33B;
					};
				};
			};
			buildConfigurationList = 8F2DC64E19BFE50C00F2A33B /* Build configuration list for PBXProject "freshtomatoes" */;
			compatibilityVersion = "Xcode 3.2";
			developmentRegion = English;
			hasScannedForEncodings = 0;
			knownRegions = (
				en,
				Base,
			);
			mainGroup = 8F2DC64A19BFE50C00F2A33B;
			productRefGroup = 8F2DC65419BFE50C00F2A33B /* Products */;
			projectDirPath = "";
			projectRoot = "";
			targets = (
				8F2DC65219BFE50C00F2A33B /* freshtomatoes */,
				8F2DC66419BFE50C00F2A33B /* freshtomatoesTests */,
			);
		};
/* End PBXProject section */

/* Begin PBXResourcesBuildPhase section */
		8F2DC65119BFE50C00F2A33B /* Resources */ = {
			isa = PBXResourcesBuildPhase;
			buildActionMask = 2147483647;
			files = (
				8F2DC65E19BFE50C00F2A33B /* Main.storyboard in Resources */,
				8F2DC66019BFE50C00F2A33B /* Images.xcassets in Resources */,
			);
			runOnlyForDeploymentPostprocessing = 0;
		};
		8F2DC66319BFE50C00F2A33B /* Resources */ = {
			isa = PBXResourcesBuildPhase;
			buildActionMask = 2147483647;
			files = (
			);
			runOnlyForDeploymentPostprocessing = 0;
		};
/* End PBXResourcesBuildPhase section */

/* Begin PBXShellScriptBuildPhase section */
		8576DFA92B91412DACA172A6 /* Check Pods Manifest.lock */ = {
			isa = PBXShellScriptBuildPhase;
			buildActionMask = 2147483647;
			files = (
			);
			inputPaths = (
			);
			name = "Check Pods Manifest.lock";
			outputPaths = (
			);
			runOnlyForDeploymentPostprocessing = 0;
			shellPath = /bin/sh;
			shellScript = "diff \"${PODS_ROOT}/../Podfile.lock\" \"${PODS_ROOT}/Manifest.lock\" > /dev/null\nif [[ $? != 0 ]] ; then\n    cat << EOM\nerror: The sandbox is not in sync with the Podfile.lock. Run 'pod install' or update your CocoaPods installation.\nEOM\n    exit 1\nfi\n";
			showEnvVarsInLog = 0;
		};
		F5668479DD284D6F8E8E4959 /* Copy Pods Resources */ = {
			isa = PBXShellScriptBuildPhase;
			buildActionMask = 2147483647;
			files = (
			);
			inputPaths = (
			);
			name = "Copy Pods Resources";
			outputPaths = (
			);
			runOnlyForDeploymentPostprocessing = 0;
			shellPath = /bin/sh;
			shellScript = "\"${SRCROOT}/Pods/Pods-resources.sh\"\n";
			showEnvVarsInLog = 0;
		};
/* End PBXShellScriptBuildPhase section */

/* Begin PBXSourcesBuildPhase section */
		8F2DC64F19BFE50C00F2A33B /* Sources */ = {
			isa = PBXSourcesBuildPhase;
			buildActionMask = 2147483647;
			files = (
				8F1B685919C6A9EC0096F819 /* MovieDetailViewController.swift in Sources */,
				8F2DC65919BFE50C00F2A33B /* AppDelegate.swift in Sources */,
				8F1B685B19C6B6820096F819 /* DVDViewController.swift in Sources */,
				8F37292319C632580048841F /* MovieCell.swift in Sources */,
				8F37292119C6197B0048841F /* MovieViewController.swift in Sources */,
			);
			runOnlyForDeploymentPostprocessing = 0;
		};
		8F2DC66119BFE50C00F2A33B /* Sources */ = {
			isa = PBXSourcesBuildPhase;
			buildActionMask = 2147483647;
			files = (
				8F2DC66C19BFE50C00F2A33B /* freshtomatoesTests.swift in Sources */,
			);
			runOnlyForDeploymentPostprocessing = 0;
		};
/* End PBXSourcesBuildPhase section */

/* Begin PBXTargetDependency section */
		8F2DC66719BFE50C00F2A33B /* PBXTargetDependency */ = {
			isa = PBXTargetDependency;
			target = 8F2DC65219BFE50C00F2A33B /* freshtomatoes */;
			targetProxy = 8F2DC66619BFE50C00F2A33B /* PBXContainerItemProxy */;
		};
/* End PBXTargetDependency section */

/* Begin PBXVariantGroup section */
		8F2DC65C19BFE50C00F2A33B /* Main.storyboard */ = {
			isa = PBXVariantGroup;
			children = (
				8F2DC65D19BFE50C00F2A33B /* Base */,
			);
			name = Main.storyboard;
			sourceTree = "<group>";
		};
/* End PBXVariantGroup section */

/* Begin XCBuildConfiguration section */
		8F2DC66D19BFE50C00F2A33B /* Debug */ = {
			isa = XCBuildConfiguration;
			buildSettings = {
				ALWAYS_SEARCH_USER_PATHS = NO;
				CLANG_CXX_LANGUAGE_STANDARD = "gnu++0x";
				CLANG_CXX_LIBRARY = "libc++";
				CLANG_ENABLE_MODULES = YES;
				CLANG_ENABLE_OBJC_ARC = YES;
				CLANG_WARN_BOOL_CONVERSION = YES;
				CLANG_WARN_CONSTANT_CONVERSION = YES;
				CLANG_WARN_DIRECT_OBJC_ISA_USAGE = YES_ERROR;
				CLANG_WARN_EMPTY_BODY = YES;
				CLANG_WARN_ENUM_CONVERSION = YES;
				CLANG_WARN_INT_CONVERSION = YES;
				CLANG_WARN_OBJC_ROOT_CLASS = YES_ERROR;
				CLANG_WARN_UNREACHABLE_CODE = YES;
				CLANG_WARN__DUPLICATE_METHOD_MATCH = YES;
				"CODE_SIGN_IDENTITY[sdk=iphoneos*]" = "iPhone Developer";
				COPY_PHASE_STRIP = NO;
				ENABLE_STRICT_OBJC_MSGSEND = YES;
				GCC_C_LANGUAGE_STANDARD = gnu99;
				GCC_DYNAMIC_NO_PIC = NO;
				GCC_OPTIMIZATION_LEVEL = 0;
				GCC_PREPROCESSOR_DEFINITIONS = (
					"DEBUG=1",
					"$(inherited)",
				);
				GCC_SYMBOLS_PRIVATE_EXTERN = NO;
				GCC_WARN_64_TO_32_BIT_CONVERSION = YES;
				GCC_WARN_ABOUT_RETURN_TYPE = YES_ERROR;
				GCC_WARN_UNDECLARED_SELECTOR = YES;
				GCC_WARN_UNINITIALIZED_AUTOS = YES_AGGRESSIVE;
				GCC_WARN_UNUSED_FUNCTION = YES;
				GCC_WARN_UNUSED_VARIABLE = YES;
				IPHONEOS_DEPLOYMENT_TARGET = 8.0;
				MTL_ENABLE_DEBUG_INFO = YES;
				ONLY_ACTIVE_ARCH = YES;
				SDKROOT = iphoneos;
				SWIFT_OPTIMIZATION_LEVEL = "-Onone";
			};
			name = Debug;
		};
		8F2DC66E19BFE50C00F2A33B /* Release */ = {
			isa = XCBuildConfiguration;
			buildSettings = {
				ALWAYS_SEARCH_USER_PATHS = NO;
				CLANG_CXX_LANGUAGE_STANDARD = "gnu++0x";
				CLANG_CXX_LIBRARY = "libc++";
				CLANG_ENABLE_MODULES = YES;
				CLANG_ENABLE_OBJC_ARC = YES;
				CLANG_WARN_BOOL_CONVERSION = YES;
				CLANG_WARN_CONSTANT_CONVERSION = YES;
				CLANG_WARN_DIRECT_OBJC_ISA_USAGE = YES_ERROR;
				CLANG_WARN_EMPTY_BODY = YES;
				CLANG_WARN_ENUM_CONVERSION = YES;
				CLANG_WARN_INT_CONVERSION = YES;
				CLANG_WARN_OBJC_ROOT_CLASS = YES_ERROR;
				CLANG_WARN_UNREACHABLE_CODE = YES;
				CLANG_WARN__DUPLICATE_METHOD_MATCH = YES;
				"CODE_SIGN_IDENTITY[sdk=iphoneos*]" = "iPhone Developer";
				COPY_PHASE_STRIP = YES;
				ENABLE_NS_ASSERTIONS = NO;
				ENABLE_STRICT_OBJC_MSGSEND = YES;
				GCC_C_LANGUAGE_STANDARD = gnu99;
				GCC_WARN_64_TO_32_BIT_CONVERSION = YES;
				GCC_WARN_ABOUT_RETURN_TYPE = YES_ERROR;
				GCC_WARN_UNDECLARED_SELECTOR = YES;
				GCC_WARN_UNINITIALIZED_AUTOS = YES_AGGRESSIVE;
				GCC_WARN_UNUSED_FUNCTION = YES;
				GCC_WARN_UNUSED_VARIABLE = YES;
				IPHONEOS_DEPLOYMENT_TARGET = 8.0;
				MTL_ENABLE_DEBUG_INFO = NO;
				SDKROOT = iphoneos;
				VALIDATE_PRODUCT = YES;
			};
			name = Release;
		};
		8F2DC67019BFE50C00F2A33B /* Debug */ = {
			isa = XCBuildConfiguration;
			baseConfigurationReference = 1394055B248047F7A371712A /* Pods.xcconfig */;
			buildSettings = {
				ASSETCATALOG_COMPILER_APPICON_NAME = AppIcon;
				ASSETCATALOG_COMPILER_LAUNCHIMAGE_NAME = LaunchImage;
				CLANG_ENABLE_MODULES = YES;
				INFOPLIST_FILE = freshtomatoes/Info.plist;
				LD_RUNPATH_SEARCH_PATHS = "$(inherited) @executable_path/Frameworks";
				PRODUCT_NAME = "$(TARGET_NAME)";
				SWIFT_OBJC_BRIDGING_HEADER = "freshtomatoes/freshtomatoes-Bridging-Header.h";
				SWIFT_OPTIMIZATION_LEVEL = "-Onone";
			};
			name = Debug;
		};
		8F2DC67119BFE50C00F2A33B /* Release */ = {
			isa = XCBuildConfiguration;
			baseConfigurationReference = 1394055B248047F7A371712A /* Pods.xcconfig */;
			buildSettings = {
				ASSETCATALOG_COMPILER_APPICON_NAME = AppIcon;
				ASSETCATALOG_COMPILER_LAUNCHIMAGE_NAME = LaunchImage;
				CLANG_ENABLE_MODULES = YES;
				INFOPLIST_FILE = freshtomatoes/Info.plist;
				LD_RUNPATH_SEARCH_PATHS = "$(inherited) @executable_path/Frameworks";
				PRODUCT_NAME = "$(TARGET_NAME)";
				SWIFT_OBJC_BRIDGING_HEADER = "freshtomatoes/freshtomatoes-Bridging-Header.h";
			};
			name = Release;
		};
		8F2DC67319BFE50C00F2A33B /* Debug */ = {
			isa = XCBuildConfiguration;
			buildSettings = {
				BUNDLE_LOADER = "$(TEST_HOST)";
				FRAMEWORK_SEARCH_PATHS = (
					"$(SDKROOT)/Developer/Library/Frameworks",
					"$(inherited)",
				);
				GCC_PREPROCESSOR_DEFINITIONS = (
					"DEBUG=1",
					"$(inherited)",
				);
				INFOPLIST_FILE = freshtomatoesTests/Info.plist;
				LD_RUNPATH_SEARCH_PATHS = "$(inherited) @executable_path/Frameworks @loader_path/Frameworks";
				PRODUCT_NAME = "$(TARGET_NAME)";
				TEST_HOST = "$(BUILT_PRODUCTS_DIR)/freshtomatoes.app/freshtomatoes";
			};
			name = Debug;
		};
		8F2DC67419BFE50C00F2A33B /* Release */ = {
			isa = XCBuildConfiguration;
			buildSettings = {
				BUNDLE_LOADER = "$(TEST_HOST)";
				FRAMEWORK_SEARCH_PATHS = (
					"$(SDKROOT)/Developer/Library/Frameworks",
					"$(inherited)",
				);
				INFOPLIST_FILE = freshtomatoesTests/Info.plist;
				LD_RUNPATH_SEARCH_PATHS = "$(inherited) @executable_path/Frameworks @loader_path/Frameworks";
				PRODUCT_NAME = "$(TARGET_NAME)";
				TEST_HOST = "$(BUILT_PRODUCTS_DIR)/freshtomatoes.app/freshtomatoes";
			};
			name = Release;
		};
/* End XCBuildConfiguration section */

/* Begin XCConfigurationList section */
		8F2DC64E19BFE50C00F2A33B /* Build configuration list for PBXProject "freshtomatoes" */ = {
			isa = XCConfigurationList;
			buildConfigurations = (
				8F2DC66D19BFE50C00F2A33B /* Debug */,
				8F2DC66E19BFE50C00F2A33B /* Release */,
			);
			defaultConfigurationIsVisible = 0;
			defaultConfigurationName = Release;
		};
		8F2DC66F19BFE50C00F2A33B /* Build configuration list for PBXNativeTarget "freshtomatoes" */ = {
			isa = XCConfigurationList;
			buildConfigurations = (
				8F2DC67019BFE50C00F2A33B /* Debug */,
				8F2DC67119BFE50C00F2A33B /* Release */,
			);
			defaultConfigurationIsVisible = 0;
			defaultConfigurationName = Release;
		};
		8F2DC67219BFE50C00F2A33B /* Build configuration list for PBXNativeTarget "freshtomatoesTests" */ = {
			isa = XCConfigurationList;
			buildConfigurations = (
				8F2DC67319BFE50C00F2A33B /* Debug */,
				8F2DC67419BFE50C00F2A33B /* Release */,
			);
			defaultConfigurationIsVisible = 0;
			defaultConfigurationName = Release;
		};
/* End XCConfigurationList section */
	};
	rootObject = 8F2DC64B19BFE50C00F2A33B /* Project object */;
}
